<?xml version="1.0" encoding="utf-8"?>
<Project ToolsVersion="4.0" xmlns="http://schemas.microsoft.com/developer/msbuild/2003">
  <ItemGroup>
    <Filter Include="Source Files">
      <UniqueIdentifier>{4FC737F1-C7A5-4376-A066-2A32D752A2FF}</UniqueIdentifier>
      <Extensions>cpp;c;cc;cxx;c++;cppm;ixx;def;odl;idl;hpj;bat;asm;asmx</Extensions>
    </Filter>
    <Filter Include="Header Files">
      <UniqueIdentifier>{93995380-89BD-4b04-88EB-625FBE52EBFB}</UniqueIdentifier>
      <Extensions>h;hh;hpp;hxx;h++;hm;inl;inc;ipp;xsd</Extensions>
    </Filter>
    <Filter Include="Resource Files">
      <UniqueIdentifier>{67DA6AB6-F800-4c08-8B7A-83BB121AAD01}</UniqueIdentifier>
      <Extensions>rc;ico;cur;bmp;dlg;rc2;rct;bin;rgs;gif;jpg;jpeg;jpe;resx;tiff;tif;png;wav;mfcribbon-ms</Extensions>
    </Filter>
  </ItemGroup>
  <ItemGroup>
    <ClCompile Include="filoho-3 Assignment 1.cpp">
      <Filter>Source Files</Filter>
    </ClCompile>
    <ClCompile Include="Tables\AgentNames.cpp">
      <Filter>Source Files</Filter>
    </ClCompile>
    <ClCompile Include="Tables\FoodTypes.cpp">
      <Filter>Source Files</Filter>
    </ClCompile>
    <ClCompile Include="Code\State\StateSubClasses\State_Sleep.cpp">
      <Filter>Source Files</Filter>
    </ClCompile>
    <ClCompile Include="Code\State\StateSubClasses\State_Work.cpp">
      <Filter>Source Files</Filter>
    </ClCompile>
    <ClCompile Include="Code\State\StateSubClasses\State_ReceiveMessage.cpp">
      <Filter>Source Files</Filter>
    </ClCompile>
    <ClCompile Include="Code\State\State.cpp">
      <Filter>Source Files</Filter>
    </ClCompile>
    <ClCompile Include="Code\Managers\EntityManager.cpp">
      <Filter>Source Files</Filter>
    </ClCompile>
    <ClCompile Include="Code\Managers\MessageManager.cpp">
      <Filter>Source Files</Filter>
    </ClCompile>
    <ClCompile Include="Code\GameEntity\GameEntitySubClasses\ConsumableSubClasses\Food.cpp">
      <Filter>Source Files</Filter>
    </ClCompile>
    <ClCompile Include="Code\GameEntity\GameEntitySubClasses\Agent.cpp">
      <Filter>Source Files</Filter>
    </ClCompile>
    <ClCompile Include="Code\GameEntity\GameEntity.cpp">
      <Filter>Source Files</Filter>
    </ClCompile>
    <ClCompile Include="Code\State\StateSubClasses\State_Eat.cpp">
      <Filter>Source Files</Filter>
    </ClCompile>
    <ClCompile Include="Code\State\StateSubClasses\State_Drink.cpp">
      <Filter>Source Files</Filter>
    </ClCompile>
    <ClCompile Include="Code\GameEntity\GameEntitySubClasses\ConsumableSubClasses\Drink.cpp">
      <Filter>Source Files</Filter>
    </ClCompile>
    <ClCompile Include="Tables\DrinkTypes.cpp">
      <Filter>Source Files</Filter>
    </ClCompile>
    <ClCompile Include="Code\State\StateSubClasses\State_Shop.cpp">
      <Filter>Source Files</Filter>
    </ClCompile>
    <ClCompile Include="Tables\StoreInventory.cpp">
      <Filter>Source Files</Filter>
    </ClCompile>
    <ClCompile Include="Code\GameEntity\GameEntitySubClasses\ConsumableSubClasses\Tool.cpp">
      <Filter>Source Files</Filter>
    </ClCompile>
    <ClCompile Include="Tables\ToolTypes.cpp">
      <Filter>Source Files</Filter>
    </ClCompile>
    <ClCompile Include="Code\GameEntity\GameEntitySubClasses\Consumable.cpp">
      <Filter>Source Files</Filter>
    </ClCompile>
    <ClCompile Include="Code\State\StateSubClasses\State_HangOut.cpp">
      <Filter>Source Files</Filter>
    </ClCompile>
  </ItemGroup>
  <ItemGroup>
    <ClInclude Include="Tables\Locations.h">
      <Filter>Header Files</Filter>
    </ClInclude>
    <ClInclude Include="Code\Message.h">
      <Filter>Header Files</Filter>
    </ClInclude>
    <ClInclude Include="Tables\FoodTypes.h">
      <Filter>Header Files</Filter>
    </ClInclude>
    <ClInclude Include="Tables\AgentNames.h">
      <Filter>Header Files</Filter>
    </ClInclude>
    <ClInclude Include="Code\State\StateSubClasses\State_ReceiveMessage.h">
      <Filter>Header Files</Filter>
    </ClInclude>
    <ClInclude Include="Code\State\StateSubClasses\State_Sleep.h">
      <Filter>Header Files</Filter>
    </ClInclude>
    <ClInclude Include="Code\State\StateSubClasses\State_Work.h">
      <Filter>Header Files</Filter>
    </ClInclude>
    <ClInclude Include="Code\State\State.h">
      <Filter>Header Files</Filter>
    </ClInclude>
    <ClInclude Include="Code\Managers\EntityManager.h">
      <Filter>Header Files</Filter>
    </ClInclude>
    <ClInclude Include="Code\Managers\MessageManager.h">
      <Filter>Header Files</Filter>
    </ClInclude>
    <ClInclude Include="Code\GameEntity\GameEntitySubClasses\ConsumableSubClasses\Food.h">
      <Filter>Header Files</Filter>
    </ClInclude>
    <ClInclude Include="Code\GameEntity\GameEntitySubClasses\Agent.h">
      <Filter>Header Files</Filter>
    </ClInclude>
    <ClInclude Include="Code\GameEntity\GameEntitySubClasses\Consumable.h">
      <Filter>Header Files</Filter>
    </ClInclude>
    <ClInclude Include="Code\GameEntity\GameEntity.h">
      <Filter>Header Files</Filter>
    </ClInclude>
    <ClInclude Include="Tables\AgentStates.h">
      <Filter>Header Files</Filter>
    </ClInclude>
    <ClInclude Include="Code\State\StateSubClasses\State_Eat.h">
      <Filter>Header Files</Filter>
    </ClInclude>
    <ClInclude Include="Code\State\StateSubClasses\State_Drink.h">
      <Filter>Header Files</Filter>
    </ClInclude>
    <ClInclude Include="Code\GameEntity\GameEntitySubClasses\ConsumableSubClasses\Drink.h">
      <Filter>Header Files</Filter>
    </ClInclude>
    <ClInclude Include="Tables\DrinkTypes.h">
      <Filter>Header Files</Filter>
    </ClInclude>
    <ClInclude Include="Code\State\StateSubClasses\State_Shop.h">
      <Filter>Header Files</Filter>
    </ClInclude>
    <ClInclude Include="Tables\StoreInventory.h">
      <Filter>Header Files</Filter>
    </ClInclude>
    <ClInclude Include="Code\GameEntity\GameEntitySubClasses\ConsumableSubClasses\Tool.h">
      <Filter>Header Files</Filter>
    </ClInclude>
    <ClInclude Include="Tables\ToolTypes.h">
      <Filter>Header Files</Filter>
    </ClInclude>
    <ClInclude Include="Code\State\StateSubClasses\State_HangOut.h">
      <Filter>Header Files</Filter>
    </ClInclude>
  </ItemGroup>
</Project>